{
  "name": "assumed",
  "version": "1.4.2",
  "lockfileVersion": 3,
  "requires": true,
  "packages": {
    "": {
      "name": "assumed",
      "version": "1.4.2",
      "license": "ISC",
      "dependencies": {
        "assumed": "^1.4.2"
      }
    },
    "node_modules/assumed": {
      "version": "1.4.2",
      "resolved": "https://registry.npmjs.org/assumed/-/assumed-1.4.2.tgz",
      "integrity": "sha512-3etat4vSaKMrcndac1YcH/Ld0J0NZzPEgH+WI6qrMGYjUoLfa3kxYnw+E6EYSLiLTQ4iVdOBxqFU/VTKNzn4Hg==",
      "license": "ISC"
    }
  }
}
